
Microsoft Visual Studio Solution File, Format Version 12.00
# Visual Studio 2012
Project("{FAE04EC0-301F-11D3-BF4B-00C04F79EFBC}") = "QNAutoTask", "QNAutoTask\QNAutoTask.csproj", "{CE3F844C-8509-499D-91F1-7E61BD5416C6}"
EndProject
Global
	GlobalSection(SolutionConfigurationPlatforms) = preSolution
		Debug|Any CPU = Debug|Any CPU
		Release|Any CPU = Release|Any CPU
	EndGlobalSection
	GlobalSection(ProjectConfigurationPlatforms) = postSolution
		{CE3F844C-8509-499D-91F1-7E61BD5416C6}.Debug|Any CPU.ActiveCfg = Debug|Any CPU
		{CE3F844C-8509-499D-91F1-7E61BD5416C6}.Debug|Any CPU.Build.0 = Debug|Any CPU
		{CE3F844C-8509-499D-91F1-7E61BD5416C6}.Release|Any CPU.ActiveCfg = Release|Any CPU
		{CE3F844C-8509-499D-91F1-7E61BD5416C6}.Release|Any CPU.Build.0 = Release|Any CPU
	EndGlobalSection
	GlobalSection(SolutionProperties) = preSolution
		HideSolutionNode = FALSE
	EndGlobalSection
	GlobalSection(ExtensibilityGlobals) = postSolution
		SolutionGuid = {15A52AD2-943A-4664-90AE-F70CC993C332}
	EndGlobalSection
EndGlobal
